{
  "name": "npm-project",
  "version": "1.0.0",
  "lockfileVersion": 1,
  "requires": true,
  "dependencies": {
    "debug": {
      "version": "4.0.0",
      "resolved": "https://registry.npmjs.org/debug/-/debug-4.0.0.tgz",
      "integrity": "sha512-PlYAp+yaKUjcs6FIDv1G2kU9jh4+OOD7AniwnWEvdoeHSsi5X6vRNuI9MDZCl8YcF/aNsvuF5EDOjY/v90zdrg==",
      "requires": {
        "ms": "^2.1.1"
      }
    },
    "is-string": {
      "version": "1.0.5",
      "resolved": "https://registry.npmjs.org/is-string/-/is-string-1.0.5.tgz",
      "integrity": "sha512-buY6VNRjhQMiF1qWDouloZlQbRhDPCebwxSjxMjxgemYT46YMd2NR0/H+fBhEfWX4A/w9TBJ+ol+okqJKFE6vQ=="
    },
    "ms": {
      "version": "2.1.2",
      "resolved": "https://registry.npmjs.org/ms/-/ms-2.1.2.tgz",
      "integrity": "sha512-sGkPx+VjMtmA6MX27oA4FBFELFCZZ4S4XqeGOXCv68tT+jb3vk/RyaKWP0PTKyWtmLSM0b+adUTEvbs1PEaH2w=="
    }
  }
}
