# THIS IS AN AUTOGENERATED FILE. DO NOT EDIT THIS FILE DIRECTLY.
# yarn lockfile v1


debug@4.0.0:
  version "4.0.0"
  resolved "https://registry.yarnpkg.com/debug/-/debug-4.0.0.tgz#ef7592a30b1c5e05a78e96926df2e6b36b5544e7"
  integrity sha512-PlYAp+yaKUjcs6FIDv1G2kU9jh4+OOD7AniwnWEvdoeHSsi5X6vRNuI9MDZCl8YcF/aNsvuF5EDOjY/v90zdrg==
  dependencies:
    ms "^2.1.1"

is-string@^1.0.5:
  version "1.0.5"
  resolved "https://registry.yarnpkg.com/is-string/-/is-string-1.0.5.tgz#40493ed198ef3ff477b8c7f92f644ec82a5cd3a6"
  integrity sha512-buY6VNRjhQMiF1qWDouloZlQbRhDPCebwxSjxMjxgemYT46YMd2NR0/H+fBhEfWX4A/w9TBJ+ol+okqJKFE6vQ==

ms@^2.1.1:
  version "2.1.2"
  resolved "https://registry.yarnpkg.com/ms/-/ms-2.1.2.tgz#d09d1f357b443f493382a8eb3ccd183872ae6009"
  integrity sha512-sGkPx+VjMtmA6MX27oA4FBFELFCZZ4S4XqeGOXCv68tT+jb3vk/RyaKWP0PTKyWtmLSM0b+adUTEvbs1PEaH2w==
